// !$*UTF8*$!
{
	archiveVersion = 1;
	classes = {
	};
	objectVersion = 46;
	objects = {

/* Begin PBXBuildFile section */
		97AA26351A47CD1A00D30A8C /* AppDelegate.swift in Sources */ = {isa = PBXBuildFile; fileRef = 97AA26341A47CD1A00D30A8C /* AppDelegate.swift */; };
		97AA26371A47CD1A00D30A8C /* ViewController.swift in Sources */ = {isa = PBXBuildFile; fileRef = 97AA26361A47CD1A00D30A8C /* ViewController.swift */; };
		97AA263A1A47CD1A00D30A8C /* Main.storyboard in Resources */ = {isa = PBXBuildFile; fileRef = 97AA26381A47CD1A00D30A8C /* Main.storyboard */; };
		97AA263C1A47CD1A00D30A8C /* Images.xcassets in Resources */ = {isa = PBXBuildFile; fileRef = 97AA263B1A47CD1A00D30A8C /* Images.xcassets */; };
		97AA263F1A47CD1A00D30A8C /* LaunchScreen.xib in Resources */ = {isa = PBXBuildFile; fileRef = 97AA263D1A47CD1A00D30A8C /* LaunchScreen.xib */; };
		97AA264B1A47CD1A00D30A8C /* TravisExampleTests.swift in Sources */ = {isa = PBXBuildFile; fileRef = 97AA264A1A47CD1A00D30A8C /* TravisExampleTests.swift */; };
/* End PBXBuildFile section */

/* Begin PBXContainerItemProxy section */
		97AA26451A47CD1A00D30A8C /* PBXContainerItemProxy */ = {
			isa = PBXContainerItemProxy;
			containerPortal = 97AA26271A47CD1900D30A8C /* Project object */;
			proxyType = 1;
			remoteGlobalIDString = 97AA262E1A47CD1900D30A8C;
			remoteInfo = TravisExample;
		};
/* End PBXContainerItemProxy section */

/* Begin PBXFileReference section */
		97AA262F1A47CD1A00D30A8C /* TravisExample.app */ = {isa = PBXFileReference; explicitFileType = wrapper.application; includeInIndex = 0; path = TravisExample.app; sourceTree = BUILT_PRODUCTS_DIR; };
		97AA26331A47CD1A00D30A8C /* Info.plist */ = {isa = PBXFileReference; lastKnownFileType = text.plist.xml; path = Info.plist; sourceTree = "<group>"; };
		97AA26341A47CD1A00D30A8C /* AppDelegate.swift */ = {isa = PBXFileReference; lastKnownFileType = sourcecode.swift; path = AppDelegate.swift; sourceTree = "<group>"; };
		97AA26361A47CD1A00D30A8C /* ViewController.swift */ = {isa = PBXFileReference; lastKnownFileType = sourcecode.swift; path = ViewController.swift; sourceTree = "<group>"; };
		97AA26391A47CD1A00D30A8C /* Base */ = {isa = PBXFileReference; lastKnownFileType = file.storyboard; name = Base; path = Base.lproj/Main.storyboard; sourceTree = "<group>"; };
		97AA263B1A47CD1A00D30A8C /* Images.xcassets */ = {isa = PBXFileReference; lastKnownFileType = folder.assetcatalog; path = Images.xcassets; sourceTree = "<group>"; };
		97AA263E1A47CD1A00D30A8C /* Base */ = {isa = PBXFileReference; lastKnownFileType = file.xib; name = Base; path = Base.lproj/LaunchScreen.xib; sourceTree = "<group>"; };
		97AA26441A47CD1A00D30A8C /* TravisExampleTests.xctest */ = {isa = PBXFileReference; explicitFileType = wrapper.cfbundle; includeInIndex = 0; path = TravisExampleTests.xctest; sourceTree = BUILT_PRODUCTS_DIR; };
		97AA26491A47CD1A00D30A8C /* Info.plist */ = {isa = PBXFileReference; lastKnownFileType = text.plist.xml; path = Info.plist; sourceTree = "<group>"; };
		97AA264A1A47CD1A00D30A8C /* TravisExampleTests.swift */ = {isa = PBXFileReference; lastKnownFileType = sourcecode.swift; path = TravisExampleTests.swift; sourceTree = "<group>"; };
/* End PBXFileReference section */

/* Begin PBXFrameworksBuildPhase section */
		97AA262C1A47CD1900D30A8C /* Frameworks */ = {
			isa = PBXFrameworksBuildPhase;
			buildActionMask = 2147483647;
			files = (
			);
			runOnlyForDeploymentPostprocessing = 0;
		};
		97AA26411A47CD1A00D30A8C /* Frameworks */ = {
			isa = PBXFrameworksBuildPhase;
			buildActionMask = 2147483647;
			files = (
			);
			runOnlyForDeploymentPostprocessing = 0;
		};
/* End PBXFrameworksBuildPhase section */

/* Begin PBXGroup section */
		97AA26261A47CD1900D30A8C = {
			isa = PBXGroup;
			children = (
				97AA26311A47CD1A00D30A8C /* TravisExample */,
				97AA26471A47CD1A00D30A8C /* TravisExampleTests */,
				97AA26301A47CD1A00D30A8C /* Products */,
			);
			sourceTree = "<group>";
		};
		97AA26301A47CD1A00D30A8C /* Products */ = {
			isa = PBXGroup;
			children = (
				97AA262F1A47CD1A00D30A8C /* TravisExample.app */,
				97AA26441A47CD1A00D30A8C /* TravisExampleTests.xctest */,
			);
			name = Products;
			sourceTree = "<group>";
		};
		97AA26311A47CD1A00D30A8C /* TravisExample */ = {
			isa = PBXGroup;
			children = (
				97AA26341A47CD1A00D30A8C /* AppDelegate.swift */,
				97AA26361A47CD1A00D30A8C /* ViewController.swift */,
				97AA26381A47CD1A00D30A8C /* Main.storyboard */,
				97AA263B1A47CD1A00D30A8C /* Images.xcassets */,
				97AA263D1A47CD1A00D30A8C /* LaunchScreen.xib */,
				97AA26321A47CD1A00D30A8C /* Supporting Files */,
			);
			path = TravisExample;
			sourceTree = "<group>";
		};
		97AA26321A47CD1A00D30A8C /* Supporting Files */ = {
			isa = PBXGroup;
			children = (
				97AA26331A47CD1A00D30A8C /* Info.plist */,
			);
			name = "Supporting Files";
			sourceTree = "<group>";
		};
		97AA26471A47CD1A00D30A8C /* TravisExampleTests */ = {
			isa = PBXGroup;
			children = (
				97AA264A1A47CD1A00D30A8C /* TravisExampleTests.swift */,
				97AA26481A47CD1A00D30A8C /* Supporting Files */,
			);
			path = TravisExampleTests;
			sourceTree = "<group>";
		};
		97AA26481A47CD1A00D30A8C /* Supporting Files */ = {
			isa = PBXGroup;
			children = (
				97AA26491A47CD1A00D30A8C /* Info.plist */,
			);
			name = "Supporting Files";
			sourceTree = "<group>";
		};
/* End PBXGroup section */

/* Begin PBXNativeTarget section */
		97AA262E1A47CD1900D30A8C /* TravisExample */ = {
			isa = PBXNativeTarget;
			buildConfigurationList = 97AA264E1A47CD1A00D30A8C /* Build configuration list for PBXNativeTarget "TravisExample" */;
			buildPhases = (
				97AA262B1A47CD1900D30A8C /* Sources */,
				97AA262C1A47CD1900D30A8C /* Frameworks */,
				97AA262D1A47CD1900D30A8C /* Resources */,
			);
			buildRules = (
			);
			dependencies = (
			);
			name = TravisExample;
			productName = TravisExample;
			productReference = 97AA262F1A47CD1A00D30A8C /* TravisExample.app */;
			productType = "com.apple.product-type.application";
		};
		97AA26431A47CD1A00D30A8C /* TravisExampleTests */ = {
			isa = PBXNativeTarget;
			buildConfigurationList = 97AA26511A47CD1A00D30A8C /* Build configuration list for PBXNativeTarget "TravisExampleTests" */;
			buildPhases = (
				97AA26401A47CD1A00D30A8C /* Sources */,
				97AA26411A47CD1A00D30A8C /* Frameworks */,
				97AA26421A47CD1A00D30A8C /* Resources */,
			);
			buildRules = (
			);
			dependencies = (
				97AA26461A47CD1A00D30A8C /* PBXTargetDependency */,
			);
			name = TravisExampleTests;
			productName = TravisExampleTests;
			productReference = 97AA26441A47CD1A00D30A8C /* TravisExampleTests.xctest */;
			productType = "com.apple.product-type.bundle.unit-test";
		};
/* End PBXNativeTarget section */

/* Begin PBXProject section */
		97AA26271A47CD1900D30A8C /* Project object */ = {
			isa = PBXProject;
			attributes = {
				LastUpgradeCheck = 0610;
				ORGANIZATIONNAME = Linhdn;
				TargetAttributes = {
					97AA262E1A47CD1900D30A8C = {
						CreatedOnToolsVersion = 6.1.1;
					};
					97AA26431A47CD1A00D30A8C = {
						CreatedOnToolsVersion = 6.1.1;
						TestTargetID = 97AA262E1A47CD1900D30A8C;
					};
				};
			};
			buildConfigurationList = 97AA262A1A47CD1900D30A8C /* Build configuration list for PBXProject "TravisExample" */;
			compatibilityVersion = "Xcode 3.2";
			developmentRegion = English;
			hasScannedForEncodings = 0;
			knownRegions = (
				en,
				Base,
			);
			mainGroup = 97AA26261A47CD1900D30A8C;
			productRefGroup = 97AA26301A47CD1A00D30A8C /* Products */;
			projectDirPath = "";
			projectRoot = "";
			targets = (
				97AA262E1A47CD1900D30A8C /* TravisExample */,
				97AA26431A47CD1A00D30A8C /* TravisExampleTests */,
			);
		};
/* End PBXProject section */

/* Begin PBXResourcesBuildPhase section */
		97AA262D1A47CD1900D30A8C /* Resources */ = {
			isa = PBXResourcesBuildPhase;
			buildActionMask = 2147483647;
			files = (
				97AA263A1A47CD1A00D30A8C /* Main.storyboard in Resources */,
				97AA263F1A47CD1A00D30A8C /* LaunchScreen.xib in Resources */,
				97AA263C1A47CD1A00D30A8C /* Images.xcassets in Resources */,
			);
			runOnlyForDeploymentPostprocessing = 0;
		};
		97AA26421A47CD1A00D30A8C /* Resources */ = {
			isa = PBXResourcesBuildPhase;
			buildActionMask = 2147483647;
			files = (
			);
			runOnlyForDeploymentPostprocessing = 0;
		};
/* End PBXResourcesBuildPhase section */

/* Begin PBXSourcesBuildPhase section */
		97AA262B1A47CD1900D30A8C /* Sources */ = {
			isa = PBXSourcesBuildPhase;
			buildActionMask = 2147483647;
			files = (
				97AA26371A47CD1A00D30A8C /* ViewController.swift in Sources */,
				97AA26351A47CD1A00D30A8C /* AppDelegate.swift in Sources */,
			);
			runOnlyForDeploymentPostprocessing = 0;
		};
		97AA26401A47CD1A00D30A8C /* Sources */ = {
			isa = PBXSourcesBuildPhase;
			buildActionMask = 2147483647;
			files = (
				97AA264B1A47CD1A00D30A8C /* TravisExampleTests.swift in Sources */,
			);
			runOnlyForDeploymentPostprocessing = 0;
		};
/* End PBXSourcesBuildPhase section */

/* Begin PBXTargetDependency section */
		97AA26461A47CD1A00D30A8C /* PBXTargetDependency */ = {
			isa = PBXTargetDependency;
			target = 97AA262E1A47CD1900D30A8C /* TravisExample */;
			targetProxy = 97AA26451A47CD1A00D30A8C /* PBXContainerItemProxy */;
		};
/* End PBXTargetDependency section */

/* Begin PBXVariantGroup section */
		97AA26381A47CD1A00D30A8C /* Main.storyboard */ = {
			isa = PBXVariantGroup;
			children = (
				97AA26391A47CD1A00D30A8C /* Base */,
			);
			name = Main.storyboard;
			sourceTree = "<group>";
		};
		97AA263D1A47CD1A00D30A8C /* LaunchScreen.xib */ = {
			isa = PBXVariantGroup;
			children = (
				97AA263E1A47CD1A00D30A8C /* Base */,
			);
			name = LaunchScreen.xib;
			sourceTree = "<group>";
		};
/* End PBXVariantGroup section */

/* Begin XCBuildConfiguration section */
		97AA264C1A47CD1A00D30A8C /* Debug */ = {
			isa = XCBuildConfiguration;
			buildSettings = {
				ALWAYS_SEARCH_USER_PATHS = NO;
				CLANG_CXX_LANGUAGE_STANDARD = "gnu++0x";
				CLANG_CXX_LIBRARY = "libc++";
				CLANG_ENABLE_MODULES = YES;
				CLANG_ENABLE_OBJC_ARC = YES;
				CLANG_WARN_BOOL_CONVERSION = YES;
				CLANG_WARN_CONSTANT_CONVERSION = YES;
				CLANG_WARN_DIRECT_OBJC_ISA_USAGE = YES_ERROR;
				CLANG_WARN_EMPTY_BODY = YES;
				CLANG_WARN_ENUM_CONVERSION = YES;
				CLANG_WARN_INT_CONVERSION = YES;
				CLANG_WARN_OBJC_ROOT_CLASS = YES_ERROR;
				CLANG_WARN_UNREACHABLE_CODE = YES;
				CLANG_WARN__DUPLICATE_METHOD_MATCH = YES;
				"CODE_SIGN_IDENTITY[sdk=iphoneos*]" = "iPhone Developer";
				COPY_PHASE_STRIP = NO;
				ENABLE_STRICT_OBJC_MSGSEND = YES;
				GCC_C_LANGUAGE_STANDARD = gnu99;
				GCC_DYNAMIC_NO_PIC = NO;
				GCC_OPTIMIZATION_LEVEL = 0;
				GCC_PREPROCESSOR_DEFINITIONS = (
					"DEBUG=1",
					"$(inherited)",
				);
				GCC_SYMBOLS_PRIVATE_EXTERN = NO;
				GCC_WARN_64_TO_32_BIT_CONVERSION = YES;
				GCC_WARN_ABOUT_RETURN_TYPE = YES_ERROR;
				GCC_WARN_UNDECLARED_SELECTOR = YES;
				GCC_WARN_UNINITIALIZED_AUTOS = YES_AGGRESSIVE;
				GCC_WARN_UNUSED_FUNCTION = YES;
				GCC_WARN_UNUSED_VARIABLE = YES;
				IPHONEOS_DEPLOYMENT_TARGET = 8.1;
				MTL_ENABLE_DEBUG_INFO = YES;
				ONLY_ACTIVE_ARCH = YES;
				SDKROOT = iphoneos;
				SWIFT_OPTIMIZATION_LEVEL = "-Onone";
			};
			name = Debug;
		};
		97AA264D1A47CD1A00D30A8C /* Release */ = {
			isa = XCBuildConfiguration;
			buildSettings = {
				ALWAYS_SEARCH_USER_PATHS = NO;
				CLANG_CXX_LANGUAGE_STANDARD = "gnu++0x";
				CLANG_CXX_LIBRARY = "libc++";
				CLANG_ENABLE_MODULES = YES;
				CLANG_ENABLE_OBJC_ARC = YES;
				CLANG_WARN_BOOL_CONVERSION = YES;
				CLANG_WARN_CONSTANT_CONVERSION = YES;
				CLANG_WARN_DIRECT_OBJC_ISA_USAGE = YES_ERROR;
				CLANG_WARN_EMPTY_BODY = YES;
				CLANG_WARN_ENUM_CONVERSION = YES;
				CLANG_WARN_INT_CONVERSION = YES;
				CLANG_WARN_OBJC_ROOT_CLASS = YES_ERROR;
				CLANG_WARN_UNREACHABLE_CODE = YES;
				CLANG_WARN__DUPLICATE_METHOD_MATCH = YES;
				"CODE_SIGN_IDENTITY[sdk=iphoneos*]" = "iPhone Developer";
				COPY_PHASE_STRIP = YES;
				ENABLE_NS_ASSERTIONS = NO;
				ENABLE_STRICT_OBJC_MSGSEND = YES;
				GCC_C_LANGUAGE_STANDARD = gnu99;
				GCC_WARN_64_TO_32_BIT_CONVERSION = YES;
				GCC_WARN_ABOUT_RETURN_TYPE = YES_ERROR;
				GCC_WARN_UNDECLARED_SELECTOR = YES;
				GCC_WARN_UNINITIALIZED_AUTOS = YES_AGGRESSIVE;
				GCC_WARN_UNUSED_FUNCTION = YES;
				GCC_WARN_UNUSED_VARIABLE = YES;
				IPHONEOS_DEPLOYMENT_TARGET = 8.1;
				MTL_ENABLE_DEBUG_INFO = NO;
				SDKROOT = iphoneos;
				VALIDATE_PRODUCT = YES;
			};
			name = Release;
		};
		97AA264F1A47CD1A00D30A8C /* Debug */ = {
			isa = XCBuildConfiguration;
			buildSettings = {
				ASSETCATALOG_COMPILER_APPICON_NAME = AppIcon;
				CODE_SIGN_IDENTITY = "iPhone Developer: DAISUKE AKAZAWA (78ZPV9K78M)";
				"CODE_SIGN_IDENTITY[sdk=iphoneos*]" = "iPhone Developer: DAISUKE AKAZAWA (78ZPV9K78M)";
				INFOPLIST_FILE = TravisExample/Info.plist;
				IPHONEOS_DEPLOYMENT_TARGET = 7.0;
				LD_RUNPATH_SEARCH_PATHS = "$(inherited) @executable_path/Frameworks";
				PRODUCT_NAME = "$(TARGET_NAME)";
				PROVISIONING_PROFILE = "c9c281c9-770f-4126-9725-de545ab7229c";
			};
			name = Debug;
		};
		97AA26501A47CD1A00D30A8C /* Release */ = {
			isa = XCBuildConfiguration;
			buildSettings = {
				ASSETCATALOG_COMPILER_APPICON_NAME = AppIcon;
				CODE_SIGN_IDENTITY = "iPhone Developer: DAISUKE AKAZAWA (78ZPV9K78M)";
				INFOPLIST_FILE = TravisExample/Info.plist;
				IPHONEOS_DEPLOYMENT_TARGET = 7.0;
				LD_RUNPATH_SEARCH_PATHS = "$(inherited) @executable_path/Frameworks";
				PRODUCT_NAME = "$(TARGET_NAME)";
				PROVISIONING_PROFILE = "c9c281c9-770f-4126-9725-de545ab7229c";
			};
			name = Release;
		};
		97AA26521A47CD1A00D30A8C /* Debug */ = {
			isa = XCBuildConfiguration;
			buildSettings = {
				BUNDLE_LOADER = "$(TEST_HOST)";
				FRAMEWORK_SEARCH_PATHS = (
					"$(SDKROOT)/Developer/Library/Frameworks",
					"$(inherited)",
				);
				GCC_PREPROCESSOR_DEFINITIONS = (
					"DEBUG=1",
					"$(inherited)",
				);
				INFOPLIST_FILE = TravisExampleTests/Info.plist;
				LD_RUNPATH_SEARCH_PATHS = "$(inherited) @executable_path/Frameworks @loader_path/Frameworks";
				PRODUCT_NAME = "$(TARGET_NAME)";
				TEST_HOST = "$(BUILT_PRODUCTS_DIR)/TravisExample.app/TravisExample";
			};
			name = Debug;
		};
		97AA26531A47CD1A00D30A8C /* Release */ = {
			isa = XCBuildConfiguration;
			buildSettings = {
				BUNDLE_LOADER = "$(TEST_HOST)";
				FRAMEWORK_SEARCH_PATHS = (
					"$(SDKROOT)/Developer/Library/Frameworks",
					"$(inherited)",
				);
				INFOPLIST_FILE = TravisExampleTests/Info.plist;
				LD_RUNPATH_SEARCH_PATHS = "$(inherited) @executable_path/Frameworks @loader_path/Frameworks";
				PRODUCT_NAME = "$(TARGET_NAME)";
				TEST_HOST = "$(BUILT_PRODUCTS_DIR)/TravisExample.app/TravisExample";
			};
			name = Release;
		};
/* End XCBuildConfiguration section */

/* Begin XCConfigurationList section */
		97AA262A1A47CD1900D30A8C /* Build configuration list for PBXProject "TravisExample" */ = {
			isa = XCConfigurationList;
			buildConfigurations = (
				97AA264C1A47CD1A00D30A8C /* Debug */,
				97AA264D1A47CD1A00D30A8C /* Release */,
			);
			defaultConfigurationIsVisible = 0;
			defaultConfigurationName = Release;
		};
		97AA264E1A47CD1A00D30A8C /* Build configuration list for PBXNativeTarget "TravisExample" */ = {
			isa = XCConfigurationList;
			buildConfigurations = (
				97AA264F1A47CD1A00D30A8C /* Debug */,
				97AA26501A47CD1A00D30A8C /* Release */,
			);
			defaultConfigurationIsVisible = 0;
			defaultConfigurationName = Release;
		};
		97AA26511A47CD1A00D30A8C /* Build configuration list for PBXNativeTarget "TravisExampleTests" */ = {
			isa = XCConfigurationList;
			buildConfigurations = (
				97AA26521A47CD1A00D30A8C /* Debug */,
				97AA26531A47CD1A00D30A8C /* Release */,
			);
			defaultConfigurationIsVisible = 0;
			defaultConfigurationName = Release;
		};
/* End XCConfigurationList section */
	};
	rootObject = 97AA26271A47CD1900D30A8C /* Project object */;
}
